
Microsoft Visual Studio Solution File, Format Version 12.00
# Visual Studio Version 17
VisualStudioVersion = 17.2.32630.192
MinimumVisualStudioVersion = 10.0.40219.1
Project("{9A19103F-16F7-4668-BE54-9A1E7A4F7556}") = "CheeseCaveDevice", "CheeseCaveDevice.csproj", "{CE0C0969-23BF-426C-9186-54332BAA45B4}"
EndProject
Global
	GlobalSection(SolutionConfigurationPlatforms) = preSolution
		Debug|Any CPU = Debug|Any CPU
		Release|Any CPU = Release|Any CPU
	EndGlobalSection
	GlobalSection(ProjectConfigurationPlatforms) = postSolution
		{CE0C0969-23BF-426C-9186-54332BAA45B4}.Debug|Any CPU.ActiveCfg = Debug|Any CPU
		{CE0C0969-23BF-426C-9186-54332BAA45B4}.Debug|Any CPU.Build.0 = Debug|Any CPU
		{CE0C0969-23BF-426C-9186-54332BAA45B4}.Release|Any CPU.ActiveCfg = Release|Any CPU
		{CE0C0969-23BF-426C-9186-54332BAA45B4}.Release|Any CPU.Build.0 = Release|Any CPU
	EndGlobalSection
	GlobalSection(SolutionProperties) = preSolution
		HideSolutionNode = FALSE
	EndGlobalSection
	GlobalSection(ExtensibilityGlobals) = postSolution
		SolutionGuid = {B829C48F-86E9-445D-9A40-B96DEB4C1204}
	EndGlobalSection
EndGlobal
