
Microsoft Visual Studio Solution File, Format Version 12.00
# Visual Studio Version 17
VisualStudioVersion = 17.2.32630.192
MinimumVisualStudioVersion = 10.0.40219.1
Project("{9A19103F-16F7-4668-BE54-9A1E7A4F7556}") = "Contoso.AdtFunctions", "Contoso.AdtFunctions.csproj", "{C02F56CE-B799-4614-A6AD-BACA884D4A48}"
EndProject
Global
	GlobalSection(SolutionConfigurationPlatforms) = preSolution
		Debug|Any CPU = Debug|Any CPU
		Release|Any CPU = Release|Any CPU
	EndGlobalSection
	GlobalSection(ProjectConfigurationPlatforms) = postSolution
		{C02F56CE-B799-4614-A6AD-BACA884D4A48}.Debug|Any CPU.ActiveCfg = Debug|Any CPU
		{C02F56CE-B799-4614-A6AD-BACA884D4A48}.Debug|Any CPU.Build.0 = Debug|Any CPU
		{C02F56CE-B799-4614-A6AD-BACA884D4A48}.Release|Any CPU.ActiveCfg = Release|Any CPU
		{C02F56CE-B799-4614-A6AD-BACA884D4A48}.Release|Any CPU.Build.0 = Release|Any CPU
	EndGlobalSection
	GlobalSection(SolutionProperties) = preSolution
		HideSolutionNode = FALSE
	EndGlobalSection
	GlobalSection(ExtensibilityGlobals) = postSolution
		SolutionGuid = {66BB3400-B731-446A-B55D-E9C52650399A}
	EndGlobalSection
EndGlobal
